
Microsoft Visual Studio Solution File, Format Version 12.00
# Visual Studio Version 17
VisualStudioVersion = 17.7.34018.315
MinimumVisualStudioVersion = 10.0.40219.1
Project("{9A19103F-16F7-4668-BE54-9A1E7A4F7556}") = "BitcoinCurrency", "BitcoinCurrency\BitcoinCurrency.csproj", "{291BBB7D-22F2-4181-B48F-C429D37B9D7F}"
EndProject
Project("{9A19103F-16F7-4668-BE54-9A1E7A4F7556}") = "BitcoinCurrency.Domain", "BitcoinCurrency.Domain\BitcoinCurrency.Domain.csproj", "{9CF3346E-9394-4B9B-9294-D14CFE730A2F}"
EndProject
Project("{9A19103F-16F7-4668-BE54-9A1E7A4F7556}") = "BitcoinCurrency.Util", "BitcoinCurrency.Util\BitcoinCurrency.Util.csproj", "{5C8C43FA-DD02-4B35-BA06-25694DC9DAD6}"
EndProject
Project("{9A19103F-16F7-4668-BE54-9A1E7A4F7556}") = "BitcoinCurrency.Data", "BitcoinCurrency.Data\BitcoinCurrency.Data.csproj", "{588FB533-6267-4CA6-BF48-57B5B930B3C3}"
EndProject
Global
	GlobalSection(SolutionConfigurationPlatforms) = preSolution
		Debug|Any CPU = Debug|Any CPU
		Release|Any CPU = Release|Any CPU
	EndGlobalSection
	GlobalSection(ProjectConfigurationPlatforms) = postSolution
		{291BBB7D-22F2-4181-B48F-C429D37B9D7F}.Debug|Any CPU.ActiveCfg = Debug|Any CPU
		{291BBB7D-22F2-4181-B48F-C429D37B9D7F}.Debug|Any CPU.Build.0 = Debug|Any CPU
		{291BBB7D-22F2-4181-B48F-C429D37B9D7F}.Release|Any CPU.ActiveCfg = Release|Any CPU
		{291BBB7D-22F2-4181-B48F-C429D37B9D7F}.Release|Any CPU.Build.0 = Release|Any CPU
		{9CF3346E-9394-4B9B-9294-D14CFE730A2F}.Debug|Any CPU.ActiveCfg = Debug|Any CPU
		{9CF3346E-9394-4B9B-9294-D14CFE730A2F}.Debug|Any CPU.Build.0 = Debug|Any CPU
		{9CF3346E-9394-4B9B-9294-D14CFE730A2F}.Release|Any CPU.ActiveCfg = Release|Any CPU
		{9CF3346E-9394-4B9B-9294-D14CFE730A2F}.Release|Any CPU.Build.0 = Release|Any CPU
		{5C8C43FA-DD02-4B35-BA06-25694DC9DAD6}.Debug|Any CPU.ActiveCfg = Debug|Any CPU
		{5C8C43FA-DD02-4B35-BA06-25694DC9DAD6}.Debug|Any CPU.Build.0 = Debug|Any CPU
		{5C8C43FA-DD02-4B35-BA06-25694DC9DAD6}.Release|Any CPU.ActiveCfg = Release|Any CPU
		{5C8C43FA-DD02-4B35-BA06-25694DC9DAD6}.Release|Any CPU.Build.0 = Release|Any CPU
		{588FB533-6267-4CA6-BF48-57B5B930B3C3}.Debug|Any CPU.ActiveCfg = Debug|Any CPU
		{588FB533-6267-4CA6-BF48-57B5B930B3C3}.Debug|Any CPU.Build.0 = Debug|Any CPU
		{588FB533-6267-4CA6-BF48-57B5B930B3C3}.Release|Any CPU.ActiveCfg = Release|Any CPU
		{588FB533-6267-4CA6-BF48-57B5B930B3C3}.Release|Any CPU.Build.0 = Release|Any CPU
	EndGlobalSection
	GlobalSection(SolutionProperties) = preSolution
		HideSolutionNode = FALSE
	EndGlobalSection
	GlobalSection(ExtensibilityGlobals) = postSolution
		SolutionGuid = {133BCE06-6402-48D0-9AE1-C4671A31F683}
	EndGlobalSection
EndGlobal
